
Microsoft Visual Studio Solution File, Format Version 12.00
# Visual Studio Version 17
VisualStudioVersion = 17.5.33627.172
MinimumVisualStudioVersion = 10.0.40219.1
Project("{FAE04EC0-301F-11D3-BF4B-00C04F79EFBC}") = "FacialRecognitionSystem", "FacialRecognitionSystem\FacialRecognitionSystem.csproj", "{888D4C35-CB16-4381-BC92-642C093C231D}"
EndProject
Global
	GlobalSection(SolutionConfigurationPlatforms) = preSolution
		Debug|Any CPU = Debug|Any CPU
		Release|Any CPU = Release|Any CPU
	EndGlobalSection
	GlobalSection(ProjectConfigurationPlatforms) = postSolution
		{888D4C35-CB16-4381-BC92-642C093C231D}.Debug|Any CPU.ActiveCfg = Debug|Any CPU
		{888D4C35-CB16-4381-BC92-642C093C231D}.Debug|Any CPU.Build.0 = Debug|Any CPU
		{888D4C35-CB16-4381-BC92-642C093C231D}.Release|Any CPU.ActiveCfg = Release|Any CPU
		{888D4C35-CB16-4381-BC92-642C093C231D}.Release|Any CPU.Build.0 = Release|Any CPU
	EndGlobalSection
	GlobalSection(SolutionProperties) = preSolution
		HideSolutionNode = FALSE
	EndGlobalSection
	GlobalSection(ExtensibilityGlobals) = postSolution
		SolutionGuid = {2D542B72-7326-43EA-A27B-EF715E15A4D2}
	EndGlobalSection
EndGlobal
